
Microsoft Visual Studio Solution File, Format Version 12.00
# Visual Studio Version 16
VisualStudioVersion = 16.0.29519.87
MinimumVisualStudioVersion = 10.0.40219.1
Project("{FAE04EC0-301F-11D3-BF4B-00C04F79EFBC}") = "Day 01", "Day 1\Day 01.csproj", "{A4D56361-26BD-435C-90C4-42C5D6AB856D}"
EndProject
Project("{9A19103F-16F7-4668-BE54-9A1E7A4F7556}") = "Shared Utilities", "Shared Utilities\Shared Utilities.csproj", "{3D336767-2798-44D9-84C4-3D76F8408791}"
EndProject
Project("{FAE04EC0-301F-11D3-BF4B-00C04F79EFBC}") = "Day 02", "Day 2\Day 02.csproj", "{A3FD718D-C770-4ABF-A4DE-0775D4503710}"
EndProject
Project("{FAE04EC0-301F-11D3-BF4B-00C04F79EFBC}") = "Day 03", "Day 3\Day 03.csproj", "{7EC08BBB-8644-4B3D-8862-97DEEFB2D9E8}"
EndProject
Project("{FAE04EC0-301F-11D3-BF4B-00C04F79EFBC}") = "Day 04", "Day 4\Day 04.csproj", "{A95E7EA1-4E02-494C-ADDE-5DAEB7884040}"
EndProject
Project("{FAE04EC0-301F-11D3-BF4B-00C04F79EFBC}") = "Day 05", "Day 5\Day 05.csproj", "{1477A8C5-6C53-4999-8545-C179B787A422}"
EndProject
Project("{FAE04EC0-301F-11D3-BF4B-00C04F79EFBC}") = "Day 06", "Day 6\Day 06.csproj", "{64E18F8F-399B-4AF4-B722-9920077B901D}"
EndProject
Project("{FAE04EC0-301F-11D3-BF4B-00C04F79EFBC}") = "Day 07", "Day 7\Day 07.csproj", "{3692A1E7-F5E1-418E-8820-2CDA8F90FB65}"
EndProject
Project("{FAE04EC0-301F-11D3-BF4B-00C04F79EFBC}") = "Day 08", "Day 8\Day 08.csproj", "{C66BEFA6-896F-42F7-9080-D8B3B6715100}"
EndProject
Project("{FAE04EC0-301F-11D3-BF4B-00C04F79EFBC}") = "Day 10", "Day 10\Day 10.csproj", "{6B5D3732-ED10-4CB1-AEC4-B0AC838ACDE5}"
EndProject
Project("{FAE04EC0-301F-11D3-BF4B-00C04F79EFBC}") = "Day 09", "Day 9\Day 09.csproj", "{DBED94BF-CB02-46B7-B76A-BDD5F79AD43E}"
EndProject
Project("{FAE04EC0-301F-11D3-BF4B-00C04F79EFBC}") = "Day 11", "Day 11\Day 11.csproj", "{84464969-2277-4B32-91D2-F3D68030D24E}"
EndProject
Project("{FAE04EC0-301F-11D3-BF4B-00C04F79EFBC}") = "Day 12", "Day 12\Day 12.csproj", "{7C1F6D6F-1BF3-4E6B-A33D-4E4F8F4F0CB8}"
EndProject
Project("{FAE04EC0-301F-11D3-BF4B-00C04F79EFBC}") = "Day 13", "Day 13\Day 13.csproj", "{ACC2AB49-B689-47E4-91A7-6BFC9BA0DD28}"
EndProject
Project("{FAE04EC0-301F-11D3-BF4B-00C04F79EFBC}") = "Day 14", "Day 14\Day 14.csproj", "{FC4F767F-DF6E-4FD3-A17C-9F9FDE5B23B9}"
EndProject
Project("{FAE04EC0-301F-11D3-BF4B-00C04F79EFBC}") = "Day 15", "Day 15\Day 15.csproj", "{534C0E4E-FE8C-40A6-8622-A97B6D5DA3C4}"
EndProject
Project("{FAE04EC0-301F-11D3-BF4B-00C04F79EFBC}") = "Day 16", "Day 16\Day 16.csproj", "{8E239215-CA9E-4451-928F-CF4FB840EA42}"
EndProject
Project("{FAE04EC0-301F-11D3-BF4B-00C04F79EFBC}") = "Day 17", "Day 17\Day 17.csproj", "{98C53908-E409-4DEF-AF67-8C58732736B0}"
EndProject
Project("{FAE04EC0-301F-11D3-BF4B-00C04F79EFBC}") = "Day 18", "Day 18\Day 18.csproj", "{860588EB-0E33-4A99-BA9A-14FD40A428FD}"
EndProject
Project("{FAE04EC0-301F-11D3-BF4B-00C04F79EFBC}") = "Day 19", "Day 19\Day 19.csproj", "{82819109-47DC-4BAD-806E-260E0B5ECA34}"
EndProject
Project("{FAE04EC0-301F-11D3-BF4B-00C04F79EFBC}") = "Day 20", "Day 20\Day 20.csproj", "{21726C02-91BD-4133-90E7-3BD5C2F10259}"
EndProject
Project("{FAE04EC0-301F-11D3-BF4B-00C04F79EFBC}") = "Day 21", "Day 21\Day 21.csproj", "{01183FB9-ED0B-438B-92ED-71935C6ABA73}"
EndProject
Project("{FAE04EC0-301F-11D3-BF4B-00C04F79EFBC}") = "Day 22", "Day 22\Day 22.csproj", "{BC7FA0F2-E797-4E03-ACE6-37C799423CC4}"
EndProject
Project("{FAE04EC0-301F-11D3-BF4B-00C04F79EFBC}") = "Day 23", "Day 23\Day 23.csproj", "{098562E7-685C-4E39-B07F-27C98DB2F3F5}"
EndProject
Project("{FAE04EC0-301F-11D3-BF4B-00C04F79EFBC}") = "Day 24", "Day 24\Day 24.csproj", "{5703CFD7-8BE1-49CD-A123-4F18200C5E4C}"
EndProject
Global
	GlobalSection(SolutionConfigurationPlatforms) = preSolution
		Debug|Any CPU = Debug|Any CPU
		Release|Any CPU = Release|Any CPU
	EndGlobalSection
	GlobalSection(ProjectConfigurationPlatforms) = postSolution
		{A4D56361-26BD-435C-90C4-42C5D6AB856D}.Debug|Any CPU.ActiveCfg = Debug|Any CPU
		{A4D56361-26BD-435C-90C4-42C5D6AB856D}.Debug|Any CPU.Build.0 = Debug|Any CPU
		{A4D56361-26BD-435C-90C4-42C5D6AB856D}.Release|Any CPU.ActiveCfg = Release|Any CPU
		{A4D56361-26BD-435C-90C4-42C5D6AB856D}.Release|Any CPU.Build.0 = Release|Any CPU
		{3D336767-2798-44D9-84C4-3D76F8408791}.Debug|Any CPU.ActiveCfg = Debug|Any CPU
		{3D336767-2798-44D9-84C4-3D76F8408791}.Debug|Any CPU.Build.0 = Debug|Any CPU
		{3D336767-2798-44D9-84C4-3D76F8408791}.Release|Any CPU.ActiveCfg = Release|Any CPU
		{3D336767-2798-44D9-84C4-3D76F8408791}.Release|Any CPU.Build.0 = Release|Any CPU
		{A3FD718D-C770-4ABF-A4DE-0775D4503710}.Debug|Any CPU.ActiveCfg = Debug|Any CPU
		{A3FD718D-C770-4ABF-A4DE-0775D4503710}.Debug|Any CPU.Build.0 = Debug|Any CPU
		{A3FD718D-C770-4ABF-A4DE-0775D4503710}.Release|Any CPU.ActiveCfg = Release|Any CPU
		{A3FD718D-C770-4ABF-A4DE-0775D4503710}.Release|Any CPU.Build.0 = Release|Any CPU
		{7EC08BBB-8644-4B3D-8862-97DEEFB2D9E8}.Debug|Any CPU.ActiveCfg = Debug|Any CPU
		{7EC08BBB-8644-4B3D-8862-97DEEFB2D9E8}.Debug|Any CPU.Build.0 = Debug|Any CPU
		{7EC08BBB-8644-4B3D-8862-97DEEFB2D9E8}.Release|Any CPU.ActiveCfg = Release|Any CPU
		{7EC08BBB-8644-4B3D-8862-97DEEFB2D9E8}.Release|Any CPU.Build.0 = Release|Any CPU
		{A95E7EA1-4E02-494C-ADDE-5DAEB7884040}.Debug|Any CPU.ActiveCfg = Debug|Any CPU
		{A95E7EA1-4E02-494C-ADDE-5DAEB7884040}.Debug|Any CPU.Build.0 = Debug|Any CPU
		{A95E7EA1-4E02-494C-ADDE-5DAEB7884040}.Release|Any CPU.ActiveCfg = Release|Any CPU
		{A95E7EA1-4E02-494C-ADDE-5DAEB7884040}.Release|Any CPU.Build.0 = Release|Any CPU
		{1477A8C5-6C53-4999-8545-C179B787A422}.Debug|Any CPU.ActiveCfg = Debug|Any CPU
		{1477A8C5-6C53-4999-8545-C179B787A422}.Debug|Any CPU.Build.0 = Debug|Any CPU
		{1477A8C5-6C53-4999-8545-C179B787A422}.Release|Any CPU.ActiveCfg = Release|Any CPU
		{1477A8C5-6C53-4999-8545-C179B787A422}.Release|Any CPU.Build.0 = Release|Any CPU
		{64E18F8F-399B-4AF4-B722-9920077B901D}.Debug|Any CPU.ActiveCfg = Debug|Any CPU
		{64E18F8F-399B-4AF4-B722-9920077B901D}.Debug|Any CPU.Build.0 = Debug|Any CPU
		{64E18F8F-399B-4AF4-B722-9920077B901D}.Release|Any CPU.ActiveCfg = Release|Any CPU
		{64E18F8F-399B-4AF4-B722-9920077B901D}.Release|Any CPU.Build.0 = Release|Any CPU
		{3692A1E7-F5E1-418E-8820-2CDA8F90FB65}.Debug|Any CPU.ActiveCfg = Debug|Any CPU
		{3692A1E7-F5E1-418E-8820-2CDA8F90FB65}.Debug|Any CPU.Build.0 = Debug|Any CPU
		{3692A1E7-F5E1-418E-8820-2CDA8F90FB65}.Release|Any CPU.ActiveCfg = Release|Any CPU
		{3692A1E7-F5E1-418E-8820-2CDA8F90FB65}.Release|Any CPU.Build.0 = Release|Any CPU
		{C66BEFA6-896F-42F7-9080-D8B3B6715100}.Debug|Any CPU.ActiveCfg = Debug|Any CPU
		{C66BEFA6-896F-42F7-9080-D8B3B6715100}.Debug|Any CPU.Build.0 = Debug|Any CPU
		{C66BEFA6-896F-42F7-9080-D8B3B6715100}.Release|Any CPU.ActiveCfg = Release|Any CPU
		{C66BEFA6-896F-42F7-9080-D8B3B6715100}.Release|Any CPU.Build.0 = Release|Any CPU
		{6B5D3732-ED10-4CB1-AEC4-B0AC838ACDE5}.Debug|Any CPU.ActiveCfg = Debug|Any CPU
		{6B5D3732-ED10-4CB1-AEC4-B0AC838ACDE5}.Debug|Any CPU.Build.0 = Debug|Any CPU
		{6B5D3732-ED10-4CB1-AEC4-B0AC838ACDE5}.Release|Any CPU.ActiveCfg = Release|Any CPU
		{6B5D3732-ED10-4CB1-AEC4-B0AC838ACDE5}.Release|Any CPU.Build.0 = Release|Any CPU
		{DBED94BF-CB02-46B7-B76A-BDD5F79AD43E}.Debug|Any CPU.ActiveCfg = Debug|Any CPU
		{DBED94BF-CB02-46B7-B76A-BDD5F79AD43E}.Debug|Any CPU.Build.0 = Debug|Any CPU
		{DBED94BF-CB02-46B7-B76A-BDD5F79AD43E}.Release|Any CPU.ActiveCfg = Release|Any CPU
		{DBED94BF-CB02-46B7-B76A-BDD5F79AD43E}.Release|Any CPU.Build.0 = Release|Any CPU
		{84464969-2277-4B32-91D2-F3D68030D24E}.Debug|Any CPU.ActiveCfg = Debug|Any CPU
		{84464969-2277-4B32-91D2-F3D68030D24E}.Debug|Any CPU.Build.0 = Debug|Any CPU
		{84464969-2277-4B32-91D2-F3D68030D24E}.Release|Any CPU.ActiveCfg = Release|Any CPU
		{84464969-2277-4B32-91D2-F3D68030D24E}.Release|Any CPU.Build.0 = Release|Any CPU
		{7C1F6D6F-1BF3-4E6B-A33D-4E4F8F4F0CB8}.Debug|Any CPU.ActiveCfg = Debug|Any CPU
		{7C1F6D6F-1BF3-4E6B-A33D-4E4F8F4F0CB8}.Debug|Any CPU.Build.0 = Debug|Any CPU
		{7C1F6D6F-1BF3-4E6B-A33D-4E4F8F4F0CB8}.Release|Any CPU.ActiveCfg = Release|Any CPU
		{7C1F6D6F-1BF3-4E6B-A33D-4E4F8F4F0CB8}.Release|Any CPU.Build.0 = Release|Any CPU
		{ACC2AB49-B689-47E4-91A7-6BFC9BA0DD28}.Debug|Any CPU.ActiveCfg = Debug|Any CPU
		{ACC2AB49-B689-47E4-91A7-6BFC9BA0DD28}.Debug|Any CPU.Build.0 = Debug|Any CPU
		{ACC2AB49-B689-47E4-91A7-6BFC9BA0DD28}.Release|Any CPU.ActiveCfg = Release|Any CPU
		{ACC2AB49-B689-47E4-91A7-6BFC9BA0DD28}.Release|Any CPU.Build.0 = Release|Any CPU
		{FC4F767F-DF6E-4FD3-A17C-9F9FDE5B23B9}.Debug|Any CPU.ActiveCfg = Debug|Any CPU
		{FC4F767F-DF6E-4FD3-A17C-9F9FDE5B23B9}.Debug|Any CPU.Build.0 = Debug|Any CPU
		{FC4F767F-DF6E-4FD3-A17C-9F9FDE5B23B9}.Release|Any CPU.ActiveCfg = Release|Any CPU
		{FC4F767F-DF6E-4FD3-A17C-9F9FDE5B23B9}.Release|Any CPU.Build.0 = Release|Any CPU
		{534C0E4E-FE8C-40A6-8622-A97B6D5DA3C4}.Debug|Any CPU.ActiveCfg = Debug|Any CPU
		{534C0E4E-FE8C-40A6-8622-A97B6D5DA3C4}.Debug|Any CPU.Build.0 = Debug|Any CPU
		{534C0E4E-FE8C-40A6-8622-A97B6D5DA3C4}.Release|Any CPU.ActiveCfg = Release|Any CPU
		{534C0E4E-FE8C-40A6-8622-A97B6D5DA3C4}.Release|Any CPU.Build.0 = Release|Any CPU
		{8E239215-CA9E-4451-928F-CF4FB840EA42}.Debug|Any CPU.ActiveCfg = Debug|Any CPU
		{8E239215-CA9E-4451-928F-CF4FB840EA42}.Debug|Any CPU.Build.0 = Debug|Any CPU
		{8E239215-CA9E-4451-928F-CF4FB840EA42}.Release|Any CPU.ActiveCfg = Release|Any CPU
		{8E239215-CA9E-4451-928F-CF4FB840EA42}.Release|Any CPU.Build.0 = Release|Any CPU
		{98C53908-E409-4DEF-AF67-8C58732736B0}.Debug|Any CPU.ActiveCfg = Debug|Any CPU
		{98C53908-E409-4DEF-AF67-8C58732736B0}.Debug|Any CPU.Build.0 = Debug|Any CPU
		{98C53908-E409-4DEF-AF67-8C58732736B0}.Release|Any CPU.ActiveCfg = Release|Any CPU
		{98C53908-E409-4DEF-AF67-8C58732736B0}.Release|Any CPU.Build.0 = Release|Any CPU
		{860588EB-0E33-4A99-BA9A-14FD40A428FD}.Debug|Any CPU.ActiveCfg = Debug|Any CPU
		{860588EB-0E33-4A99-BA9A-14FD40A428FD}.Debug|Any CPU.Build.0 = Debug|Any CPU
		{860588EB-0E33-4A99-BA9A-14FD40A428FD}.Release|Any CPU.ActiveCfg = Release|Any CPU
		{860588EB-0E33-4A99-BA9A-14FD40A428FD}.Release|Any CPU.Build.0 = Release|Any CPU
		{82819109-47DC-4BAD-806E-260E0B5ECA34}.Debug|Any CPU.ActiveCfg = Debug|Any CPU
		{82819109-47DC-4BAD-806E-260E0B5ECA34}.Debug|Any CPU.Build.0 = Debug|Any CPU
		{82819109-47DC-4BAD-806E-260E0B5ECA34}.Release|Any CPU.ActiveCfg = Release|Any CPU
		{82819109-47DC-4BAD-806E-260E0B5ECA34}.Release|Any CPU.Build.0 = Release|Any CPU
		{21726C02-91BD-4133-90E7-3BD5C2F10259}.Debug|Any CPU.ActiveCfg = Debug|Any CPU
		{21726C02-91BD-4133-90E7-3BD5C2F10259}.Debug|Any CPU.Build.0 = Debug|Any CPU
		{21726C02-91BD-4133-90E7-3BD5C2F10259}.Release|Any CPU.ActiveCfg = Release|Any CPU
		{21726C02-91BD-4133-90E7-3BD5C2F10259}.Release|Any CPU.Build.0 = Release|Any CPU
		{01183FB9-ED0B-438B-92ED-71935C6ABA73}.Debug|Any CPU.ActiveCfg = Debug|Any CPU
		{01183FB9-ED0B-438B-92ED-71935C6ABA73}.Debug|Any CPU.Build.0 = Debug|Any CPU
		{01183FB9-ED0B-438B-92ED-71935C6ABA73}.Release|Any CPU.ActiveCfg = Release|Any CPU
		{01183FB9-ED0B-438B-92ED-71935C6ABA73}.Release|Any CPU.Build.0 = Release|Any CPU
		{BC7FA0F2-E797-4E03-ACE6-37C799423CC4}.Debug|Any CPU.ActiveCfg = Debug|Any CPU
		{BC7FA0F2-E797-4E03-ACE6-37C799423CC4}.Debug|Any CPU.Build.0 = Debug|Any CPU
		{BC7FA0F2-E797-4E03-ACE6-37C799423CC4}.Release|Any CPU.ActiveCfg = Release|Any CPU
		{BC7FA0F2-E797-4E03-ACE6-37C799423CC4}.Release|Any CPU.Build.0 = Release|Any CPU
		{098562E7-685C-4E39-B07F-27C98DB2F3F5}.Debug|Any CPU.ActiveCfg = Debug|Any CPU
		{098562E7-685C-4E39-B07F-27C98DB2F3F5}.Debug|Any CPU.Build.0 = Debug|Any CPU
		{098562E7-685C-4E39-B07F-27C98DB2F3F5}.Release|Any CPU.ActiveCfg = Release|Any CPU
		{098562E7-685C-4E39-B07F-27C98DB2F3F5}.Release|Any CPU.Build.0 = Release|Any CPU
		{5703CFD7-8BE1-49CD-A123-4F18200C5E4C}.Debug|Any CPU.ActiveCfg = Debug|Any CPU
		{5703CFD7-8BE1-49CD-A123-4F18200C5E4C}.Debug|Any CPU.Build.0 = Debug|Any CPU
		{5703CFD7-8BE1-49CD-A123-4F18200C5E4C}.Release|Any CPU.ActiveCfg = Release|Any CPU
		{5703CFD7-8BE1-49CD-A123-4F18200C5E4C}.Release|Any CPU.Build.0 = Release|Any CPU
	EndGlobalSection
	GlobalSection(SolutionProperties) = preSolution
		HideSolutionNode = FALSE
	EndGlobalSection
	GlobalSection(ExtensibilityGlobals) = postSolution
		SolutionGuid = {1F3517F7-0D17-48ED-B4CA-A7A95DD33764}
	EndGlobalSection
EndGlobal
