
Microsoft Visual Studio Solution File, Format Version 12.00
# Visual Studio Version 16
VisualStudioVersion = 16.0.29519.87
MinimumVisualStudioVersion = 10.0.40219.1
Project("{FAE04EC0-301F-11D3-BF4B-00C04F79EFBC}") = "Day 01", "Day 1\Day 01.csproj", "{A4D56361-26BD-435C-90C4-42C5D6AB856D}"
EndProject
Project("{9A19103F-16F7-4668-BE54-9A1E7A4F7556}") = "Shared Utilities", "Shared Utilities\Shared Utilities.csproj", "{3D336767-2798-44D9-84C4-3D76F8408791}"
EndProject
Project("{FAE04EC0-301F-11D3-BF4B-00C04F79EFBC}") = "Day 02", "Day 2\Day 02.csproj", "{A3FD718D-C770-4ABF-A4DE-0775D4503710}"
EndProject
Project("{FAE04EC0-301F-11D3-BF4B-00C04F79EFBC}") = "Day 03", "Day 3\Day 03.csproj", "{BF6BFAAF-9EED-4299-8DBB-3ED29354DF62}"
EndProject
Global
	GlobalSection(SolutionConfigurationPlatforms) = preSolution
		Debug|Any CPU = Debug|Any CPU
		Release|Any CPU = Release|Any CPU
	EndGlobalSection
	GlobalSection(ProjectConfigurationPlatforms) = postSolution
		{A4D56361-26BD-435C-90C4-42C5D6AB856D}.Debug|Any CPU.ActiveCfg = Debug|Any CPU
		{A4D56361-26BD-435C-90C4-42C5D6AB856D}.Debug|Any CPU.Build.0 = Debug|Any CPU
		{A4D56361-26BD-435C-90C4-42C5D6AB856D}.Release|Any CPU.ActiveCfg = Release|Any CPU
		{A4D56361-26BD-435C-90C4-42C5D6AB856D}.Release|Any CPU.Build.0 = Release|Any CPU
		{3D336767-2798-44D9-84C4-3D76F8408791}.Debug|Any CPU.ActiveCfg = Debug|Any CPU
		{3D336767-2798-44D9-84C4-3D76F8408791}.Debug|Any CPU.Build.0 = Debug|Any CPU
		{3D336767-2798-44D9-84C4-3D76F8408791}.Release|Any CPU.ActiveCfg = Release|Any CPU
		{3D336767-2798-44D9-84C4-3D76F8408791}.Release|Any CPU.Build.0 = Release|Any CPU
		{A3FD718D-C770-4ABF-A4DE-0775D4503710}.Debug|Any CPU.ActiveCfg = Debug|Any CPU
		{A3FD718D-C770-4ABF-A4DE-0775D4503710}.Debug|Any CPU.Build.0 = Debug|Any CPU
		{A3FD718D-C770-4ABF-A4DE-0775D4503710}.Release|Any CPU.ActiveCfg = Release|Any CPU
		{A3FD718D-C770-4ABF-A4DE-0775D4503710}.Release|Any CPU.Build.0 = Release|Any CPU
		{BF6BFAAF-9EED-4299-8DBB-3ED29354DF62}.Debug|Any CPU.ActiveCfg = Debug|Any CPU
		{BF6BFAAF-9EED-4299-8DBB-3ED29354DF62}.Debug|Any CPU.Build.0 = Debug|Any CPU
		{BF6BFAAF-9EED-4299-8DBB-3ED29354DF62}.Release|Any CPU.ActiveCfg = Release|Any CPU
		{BF6BFAAF-9EED-4299-8DBB-3ED29354DF62}.Release|Any CPU.Build.0 = Release|Any CPU
	EndGlobalSection
	GlobalSection(SolutionProperties) = preSolution
		HideSolutionNode = FALSE
	EndGlobalSection
	GlobalSection(ExtensibilityGlobals) = postSolution
		SolutionGuid = {1F3517F7-0D17-48ED-B4CA-A7A95DD33764}
	EndGlobalSection
EndGlobal
