
Microsoft Visual Studio Solution File, Format Version 12.00
# Visual Studio Version 16
VisualStudioVersion = 16.0.29519.87
MinimumVisualStudioVersion = 10.0.40219.1
Project("{FAE04EC0-301F-11D3-BF4B-00C04F79EFBC}") = "Day 01", "Day 1\Day 01.csproj", "{A4D56361-26BD-435C-90C4-42C5D6AB856D}"
EndProject
Project("{9A19103F-16F7-4668-BE54-9A1E7A4F7556}") = "Shared Utilities", "Shared Utilities\Shared Utilities.csproj", "{3D336767-2798-44D9-84C4-3D76F8408791}"
EndProject
Project("{FAE04EC0-301F-11D3-BF4B-00C04F79EFBC}") = "Day 02", "Day 2\Day 02.csproj", "{A3FD718D-C770-4ABF-A4DE-0775D4503710}"
EndProject
Project("{FAE04EC0-301F-11D3-BF4B-00C04F79EFBC}") = "Day 03", "Day 3\Day 03.csproj", "{7EC08BBB-8644-4B3D-8862-97DEEFB2D9E8}"
EndProject
Project("{FAE04EC0-301F-11D3-BF4B-00C04F79EFBC}") = "Day 04", "Day 4\Day 04.csproj", "{A95E7EA1-4E02-494C-ADDE-5DAEB7884040}"
EndProject
Project("{FAE04EC0-301F-11D3-BF4B-00C04F79EFBC}") = "Day 05", "Day 5\Day 05.csproj", "{1477A8C5-6C53-4999-8545-C179B787A422}"
EndProject
Project("{FAE04EC0-301F-11D3-BF4B-00C04F79EFBC}") = "Day 06", "Day 6\Day 06.csproj", "{64E18F8F-399B-4AF4-B722-9920077B901D}"
EndProject
Project("{FAE04EC0-301F-11D3-BF4B-00C04F79EFBC}") = "Day 08", "Day 8\Day 08.csproj", "{C66BEFA6-896F-42F7-9080-D8B3B6715100}"
EndProject
Global
	GlobalSection(SolutionConfigurationPlatforms) = preSolution
		Debug|Any CPU = Debug|Any CPU
		Release|Any CPU = Release|Any CPU
	EndGlobalSection
	GlobalSection(ProjectConfigurationPlatforms) = postSolution
		{A4D56361-26BD-435C-90C4-42C5D6AB856D}.Debug|Any CPU.ActiveCfg = Debug|Any CPU
		{A4D56361-26BD-435C-90C4-42C5D6AB856D}.Debug|Any CPU.Build.0 = Debug|Any CPU
		{A4D56361-26BD-435C-90C4-42C5D6AB856D}.Release|Any CPU.ActiveCfg = Release|Any CPU
		{A4D56361-26BD-435C-90C4-42C5D6AB856D}.Release|Any CPU.Build.0 = Release|Any CPU
		{3D336767-2798-44D9-84C4-3D76F8408791}.Debug|Any CPU.ActiveCfg = Debug|Any CPU
		{3D336767-2798-44D9-84C4-3D76F8408791}.Debug|Any CPU.Build.0 = Debug|Any CPU
		{3D336767-2798-44D9-84C4-3D76F8408791}.Release|Any CPU.ActiveCfg = Release|Any CPU
		{3D336767-2798-44D9-84C4-3D76F8408791}.Release|Any CPU.Build.0 = Release|Any CPU
		{A3FD718D-C770-4ABF-A4DE-0775D4503710}.Debug|Any CPU.ActiveCfg = Debug|Any CPU
		{A3FD718D-C770-4ABF-A4DE-0775D4503710}.Debug|Any CPU.Build.0 = Debug|Any CPU
		{A3FD718D-C770-4ABF-A4DE-0775D4503710}.Release|Any CPU.ActiveCfg = Release|Any CPU
		{A3FD718D-C770-4ABF-A4DE-0775D4503710}.Release|Any CPU.Build.0 = Release|Any CPU
		{7EC08BBB-8644-4B3D-8862-97DEEFB2D9E8}.Debug|Any CPU.ActiveCfg = Debug|Any CPU
		{7EC08BBB-8644-4B3D-8862-97DEEFB2D9E8}.Debug|Any CPU.Build.0 = Debug|Any CPU
		{7EC08BBB-8644-4B3D-8862-97DEEFB2D9E8}.Release|Any CPU.ActiveCfg = Release|Any CPU
		{7EC08BBB-8644-4B3D-8862-97DEEFB2D9E8}.Release|Any CPU.Build.0 = Release|Any CPU
		{A95E7EA1-4E02-494C-ADDE-5DAEB7884040}.Debug|Any CPU.ActiveCfg = Debug|Any CPU
		{A95E7EA1-4E02-494C-ADDE-5DAEB7884040}.Debug|Any CPU.Build.0 = Debug|Any CPU
		{A95E7EA1-4E02-494C-ADDE-5DAEB7884040}.Release|Any CPU.ActiveCfg = Release|Any CPU
		{A95E7EA1-4E02-494C-ADDE-5DAEB7884040}.Release|Any CPU.Build.0 = Release|Any CPU
		{1477A8C5-6C53-4999-8545-C179B787A422}.Debug|Any CPU.ActiveCfg = Debug|Any CPU
		{1477A8C5-6C53-4999-8545-C179B787A422}.Debug|Any CPU.Build.0 = Debug|Any CPU
		{1477A8C5-6C53-4999-8545-C179B787A422}.Release|Any CPU.ActiveCfg = Release|Any CPU
		{1477A8C5-6C53-4999-8545-C179B787A422}.Release|Any CPU.Build.0 = Release|Any CPU
	EndGlobalSection
	GlobalSection(SolutionProperties) = preSolution
		HideSolutionNode = FALSE
	EndGlobalSection
	GlobalSection(ExtensibilityGlobals) = postSolution
		SolutionGuid = {1F3517F7-0D17-48ED-B4CA-A7A95DD33764}
	EndGlobalSection
EndGlobal
